Microsoft Visual Studio Solution File, Format Version 11.00
# Visual Studio 2008

Project("{DBB054A0-6F5B-7386-6815-859B3FFAF359}") = "PacketGame", "Assembly-CSharp-firstpass.csproj", "{E4136BDC-6B9A-BC65-A74D-FD2DC5132D51}"
EndProject
Project("{DBB054A0-6F5B-7386-6815-859B3FFAF359}") = "PacketGame", "Assembly-CSharp.csproj", "{A023BFA8-D472-471F-4CD3-6FA0AF94AD4C}"
EndProject
Project("{DBB054A0-6F5B-7386-6815-859B3FFAF359}") = "PacketGame", "Assembly-UnityScript-firstpass.unityproj", "{F4E51853-F875-B55A-5422-418DD7FDDFA3}"
EndProject
Global
	GlobalSection(SolutionConfigurationPlatforms) = preSolution
		Debug|Any CPU = Debug|Any CPU
		Release|Any CPU = Release|Any CPU
	EndGlobalSection
	GlobalSection(ProjectConfigurationPlatforms) = postSolution
		{E4136BDC-6B9A-BC65-A74D-FD2DC5132D51}.Debug|Any CPU.ActiveCfg = Debug|Any CPU
		{E4136BDC-6B9A-BC65-A74D-FD2DC5132D51}.Debug|Any CPU.Build.0 = Debug|Any CPU
		{E4136BDC-6B9A-BC65-A74D-FD2DC5132D51}.Release|Any CPU.ActiveCfg = Release|Any CPU
		{E4136BDC-6B9A-BC65-A74D-FD2DC5132D51}.Release|Any CPU.Build.0 = Release|Any CPU
		{A023BFA8-D472-471F-4CD3-6FA0AF94AD4C}.Debug|Any CPU.ActiveCfg = Debug|Any CPU
		{A023BFA8-D472-471F-4CD3-6FA0AF94AD4C}.Debug|Any CPU.Build.0 = Debug|Any CPU
		{A023BFA8-D472-471F-4CD3-6FA0AF94AD4C}.Release|Any CPU.ActiveCfg = Release|Any CPU
		{A023BFA8-D472-471F-4CD3-6FA0AF94AD4C}.Release|Any CPU.Build.0 = Release|Any CPU
		{F4E51853-F875-B55A-5422-418DD7FDDFA3}.Debug|Any CPU.ActiveCfg = Debug|Any CPU
		{F4E51853-F875-B55A-5422-418DD7FDDFA3}.Debug|Any CPU.Build.0 = Debug|Any CPU
		{F4E51853-F875-B55A-5422-418DD7FDDFA3}.Release|Any CPU.ActiveCfg = Release|Any CPU
		{F4E51853-F875-B55A-5422-418DD7FDDFA3}.Release|Any CPU.Build.0 = Release|Any CPU
	EndGlobalSection
	GlobalSection(SolutionProperties) = preSolution
		HideSolutionNode = FALSE
	EndGlobalSection
																																														GlobalSection(MonoDevelopProperties) = preSolution
		StartupItem = Assembly-CSharp.csproj
		Policies = $0
		$0.TextStylePolicy = $1
		$1.inheritsSet = null
		$1.scope = text/x-csharp
		$0.CSharpFormattingPolicy = $2
		$2.inheritsSet = Mono
		$2.inheritsScope = text/x-csharp
		$2.scope = text/x-csharp
		$0.TextStylePolicy = $3
		$3.FileWidth = 120
		$3.TabWidth = 4
		$3.EolMarker = Unix
		$3.inheritsSet = Mono
		$3.inheritsScope = text/plain
		$3.scope = text/plain
	EndGlobalSection

EndGlobal
